
Microsoft Visual Studio Solution File, Format Version 12.00
# Visual Studio 15
VisualStudioVersion = 15.0.28307.168
MinimumVisualStudioVersion = 10.0.40219.1
Project("{2150E333-8FDC-42A3-9474-1A3956D46DE8}") = "Application", "Application", "{C76D480B-18CB-41D4-B4A7-5560E5DB64C2}"
EndProject
Project("{2150E333-8FDC-42A3-9474-1A3956D46DE8}") = "Infrastructure", "Infrastructure", "{2F11B706-8970-46FA-901C-F609B489F41F}"
EndProject
Project("{2150E333-8FDC-42A3-9474-1A3956D46DE8}") = "Core", "Core", "{ACA18335-184F-4F82-BDE9-EE7ECAE89DD1}"
EndProject
Project("{2150E333-8FDC-42A3-9474-1A3956D46DE8}") = "Test", "Test", "{BBE40996-5684-433E-B649-0DE5EC47DC20}"
EndProject
Project("{2150E333-8FDC-42A3-9474-1A3956D46DE8}") = "Services", "Services", "{6C0D895E-B2BB-4CD5-87DE-516EF8B88341}"
EndProject
Project("{FAE04EC0-301F-11D3-BF4B-00C04F79EFBC}") = "PlayerLoto.Data", "PlayerLoto.Data\PlayerLoto.Data.csproj", "{491F0183-3584-442C-B897-394E7A63002B}"
EndProject
Project("{FAE04EC0-301F-11D3-BF4B-00C04F79EFBC}") = "PlayerLoto.DataEF", "PlayerLoto.DataEF\PlayerLoto.DataEF.csproj", "{6CCC995C-2D6F-49CB-B7D4-E78B3170D6DC}"
EndProject
Project("{FAE04EC0-301F-11D3-BF4B-00C04F79EFBC}") = "PlayerLoto.Domain", "PlayerLoto.Domain\PlayerLoto.Domain.csproj", "{1415D7A9-32EA-44D1-B08A-F1717C3BA61D}"
EndProject
Project("{2150E333-8FDC-42A3-9474-1A3956D46DE8}") = "Web", "Web", "{3237BD8B-D531-4CCF-9F8C-577A8C19FF4B}"
EndProject
Project("{FAE04EC0-301F-11D3-BF4B-00C04F79EFBC}") = "PlayerLoto.MVC", "PlayerLoto.MVC\PlayerLoto.MVC.csproj", "{633E515E-CB17-4E87-8637-AF90AF98D02D}"
EndProject
Project("{FAE04EC0-301F-11D3-BF4B-00C04F79EFBC}") = "PlayerLoto.Services", "PlayerLoto.Services\PlayerLoto.Services.csproj", "{B710DCEB-6BA5-40FF-BDEC-02DA959CB398}"
EndProject
Project("{FAE04EC0-301F-11D3-BF4B-00C04F79EFBC}") = "PlayerLoto.ServiceTest", "PlayerLoto.ServiceTest\PlayerLoto.ServiceTest.csproj", "{573B1EBB-1FFC-4E5A-8342-430683173200}"
EndProject
Project("{FAE04EC0-301F-11D3-BF4B-00C04F79EFBC}") = "PlayerLoto.Mobile.Android", "PlayerLoto.Mobile\PlayerLoto.Mobile.Android\PlayerLoto.Mobile.Android.csproj", "{F8FD1FC7-311D-44AB-8F0C-97E3D8FE0A0D}"
EndProject
Project("{9A19103F-16F7-4668-BE54-9A1E7A4F7556}") = "PlayerLoto.Mobile", "PlayerLoto.Mobile\PlayerLoto.Mobile\PlayerLoto.Mobile.csproj", "{AD34F144-52DA-4481-990D-C6EFF2E48A4B}"
EndProject
Project("{2150E333-8FDC-42A3-9474-1A3956D46DE8}") = "Modules", "Modules", "{F3469328-F1DB-4A64-9572-B9BEEE017A87}"
EndProject
Project("{9A19103F-16F7-4668-BE54-9A1E7A4F7556}") = "QueryDrawingResultsModule", "QueryDrawingResultsModule\QueryDrawingResultsModule.csproj", "{E00D4DC3-44AA-4AFC-AA24-9C469E7114C7}"
EndProject
Project("{9A19103F-16F7-4668-BE54-9A1E7A4F7556}") = "DataBaseLocalService", "DataBaseLocalService\DataBaseLocalService.csproj", "{A8631321-2C36-4306-A19D-634A0F964269}"
EndProject
Project("{9A19103F-16F7-4668-BE54-9A1E7A4F7556}") = "GenerateNumbersModule", "GenerateNumbersModule\GenerateNumbersModule.csproj", "{A6489962-BE83-445D-84AE-B345D23D4976}"
EndProject
Project("{FAE04EC0-301F-11D3-BF4B-00C04F79EFBC}") = "PlayerLoto.API", "PlayerLoto.API\PlayerLoto.API.csproj", "{87BEBBFD-A2C5-47C5-9C85-A3AAB9378A53}"
EndProject
Project("{FAE04EC0-301F-11D3-BF4B-00C04F79EFBC}") = "CabalaModule", "CabalaModule\CabalaModule.csproj", "{D3FD763A-6B2C-4DE0-9C81-F0A81107A41C}"
EndProject
Global
	GlobalSection(SolutionConfigurationPlatforms) = preSolution
		Debug|Any CPU = Debug|Any CPU
		Release|Any CPU = Release|Any CPU
	EndGlobalSection
	GlobalSection(ProjectConfigurationPlatforms) = postSolution
		{491F0183-3584-442C-B897-394E7A63002B}.Debug|Any CPU.ActiveCfg = Debug|Any CPU
		{491F0183-3584-442C-B897-394E7A63002B}.Debug|Any CPU.Build.0 = Debug|Any CPU
		{491F0183-3584-442C-B897-394E7A63002B}.Release|Any CPU.ActiveCfg = Release|Any CPU
		{491F0183-3584-442C-B897-394E7A63002B}.Release|Any CPU.Build.0 = Release|Any CPU
		{6CCC995C-2D6F-49CB-B7D4-E78B3170D6DC}.Debug|Any CPU.ActiveCfg = Debug|Any CPU
		{6CCC995C-2D6F-49CB-B7D4-E78B3170D6DC}.Debug|Any CPU.Build.0 = Debug|Any CPU
		{6CCC995C-2D6F-49CB-B7D4-E78B3170D6DC}.Release|Any CPU.ActiveCfg = Release|Any CPU
		{6CCC995C-2D6F-49CB-B7D4-E78B3170D6DC}.Release|Any CPU.Build.0 = Release|Any CPU
		{1415D7A9-32EA-44D1-B08A-F1717C3BA61D}.Debug|Any CPU.ActiveCfg = Debug|Any CPU
		{1415D7A9-32EA-44D1-B08A-F1717C3BA61D}.Debug|Any CPU.Build.0 = Debug|Any CPU
		{1415D7A9-32EA-44D1-B08A-F1717C3BA61D}.Release|Any CPU.ActiveCfg = Release|Any CPU
		{1415D7A9-32EA-44D1-B08A-F1717C3BA61D}.Release|Any CPU.Build.0 = Release|Any CPU
		{633E515E-CB17-4E87-8637-AF90AF98D02D}.Debug|Any CPU.ActiveCfg = Debug|Any CPU
		{633E515E-CB17-4E87-8637-AF90AF98D02D}.Debug|Any CPU.Build.0 = Debug|Any CPU
		{633E515E-CB17-4E87-8637-AF90AF98D02D}.Release|Any CPU.ActiveCfg = Release|Any CPU
		{633E515E-CB17-4E87-8637-AF90AF98D02D}.Release|Any CPU.Build.0 = Release|Any CPU
		{B710DCEB-6BA5-40FF-BDEC-02DA959CB398}.Debug|Any CPU.ActiveCfg = Debug|Any CPU
		{B710DCEB-6BA5-40FF-BDEC-02DA959CB398}.Debug|Any CPU.Build.0 = Debug|Any CPU
		{B710DCEB-6BA5-40FF-BDEC-02DA959CB398}.Release|Any CPU.ActiveCfg = Release|Any CPU
		{B710DCEB-6BA5-40FF-BDEC-02DA959CB398}.Release|Any CPU.Build.0 = Release|Any CPU
		{573B1EBB-1FFC-4E5A-8342-430683173200}.Debug|Any CPU.ActiveCfg = Debug|Any CPU
		{573B1EBB-1FFC-4E5A-8342-430683173200}.Debug|Any CPU.Build.0 = Debug|Any CPU
		{573B1EBB-1FFC-4E5A-8342-430683173200}.Release|Any CPU.ActiveCfg = Release|Any CPU
		{573B1EBB-1FFC-4E5A-8342-430683173200}.Release|Any CPU.Build.0 = Release|Any CPU
		{F8FD1FC7-311D-44AB-8F0C-97E3D8FE0A0D}.Debug|Any CPU.ActiveCfg = Debug|Any CPU
		{F8FD1FC7-311D-44AB-8F0C-97E3D8FE0A0D}.Debug|Any CPU.Build.0 = Debug|Any CPU
		{F8FD1FC7-311D-44AB-8F0C-97E3D8FE0A0D}.Debug|Any CPU.Deploy.0 = Debug|Any CPU
		{F8FD1FC7-311D-44AB-8F0C-97E3D8FE0A0D}.Release|Any CPU.ActiveCfg = Release|Any CPU
		{F8FD1FC7-311D-44AB-8F0C-97E3D8FE0A0D}.Release|Any CPU.Build.0 = Release|Any CPU
		{F8FD1FC7-311D-44AB-8F0C-97E3D8FE0A0D}.Release|Any CPU.Deploy.0 = Release|Any CPU
		{AD34F144-52DA-4481-990D-C6EFF2E48A4B}.Debug|Any CPU.ActiveCfg = Debug|Any CPU
		{AD34F144-52DA-4481-990D-C6EFF2E48A4B}.Debug|Any CPU.Build.0 = Debug|Any CPU
		{AD34F144-52DA-4481-990D-C6EFF2E48A4B}.Release|Any CPU.ActiveCfg = Release|Any CPU
		{AD34F144-52DA-4481-990D-C6EFF2E48A4B}.Release|Any CPU.Build.0 = Release|Any CPU
		{E00D4DC3-44AA-4AFC-AA24-9C469E7114C7}.Debug|Any CPU.ActiveCfg = Debug|Any CPU
		{E00D4DC3-44AA-4AFC-AA24-9C469E7114C7}.Debug|Any CPU.Build.0 = Debug|Any CPU
		{E00D4DC3-44AA-4AFC-AA24-9C469E7114C7}.Release|Any CPU.ActiveCfg = Release|Any CPU
		{E00D4DC3-44AA-4AFC-AA24-9C469E7114C7}.Release|Any CPU.Build.0 = Release|Any CPU
		{A8631321-2C36-4306-A19D-634A0F964269}.Debug|Any CPU.ActiveCfg = Debug|Any CPU
		{A8631321-2C36-4306-A19D-634A0F964269}.Debug|Any CPU.Build.0 = Debug|Any CPU
		{A8631321-2C36-4306-A19D-634A0F964269}.Release|Any CPU.ActiveCfg = Release|Any CPU
		{A8631321-2C36-4306-A19D-634A0F964269}.Release|Any CPU.Build.0 = Release|Any CPU
		{A6489962-BE83-445D-84AE-B345D23D4976}.Debug|Any CPU.ActiveCfg = Debug|Any CPU
		{A6489962-BE83-445D-84AE-B345D23D4976}.Debug|Any CPU.Build.0 = Debug|Any CPU
		{A6489962-BE83-445D-84AE-B345D23D4976}.Release|Any CPU.ActiveCfg = Release|Any CPU
		{A6489962-BE83-445D-84AE-B345D23D4976}.Release|Any CPU.Build.0 = Release|Any CPU
		{87BEBBFD-A2C5-47C5-9C85-A3AAB9378A53}.Debug|Any CPU.ActiveCfg = Debug|Any CPU
		{87BEBBFD-A2C5-47C5-9C85-A3AAB9378A53}.Debug|Any CPU.Build.0 = Debug|Any CPU
		{87BEBBFD-A2C5-47C5-9C85-A3AAB9378A53}.Release|Any CPU.ActiveCfg = Release|Any CPU
		{87BEBBFD-A2C5-47C5-9C85-A3AAB9378A53}.Release|Any CPU.Build.0 = Release|Any CPU
		{D3FD763A-6B2C-4DE0-9C81-F0A81107A41C}.Debug|Any CPU.ActiveCfg = Debug|Any CPU
		{D3FD763A-6B2C-4DE0-9C81-F0A81107A41C}.Debug|Any CPU.Build.0 = Debug|Any CPU
		{D3FD763A-6B2C-4DE0-9C81-F0A81107A41C}.Release|Any CPU.ActiveCfg = Release|Any CPU
		{D3FD763A-6B2C-4DE0-9C81-F0A81107A41C}.Release|Any CPU.Build.0 = Release|Any CPU
	EndGlobalSection
	GlobalSection(SolutionProperties) = preSolution
		HideSolutionNode = FALSE
	EndGlobalSection
	GlobalSection(NestedProjects) = preSolution
		{491F0183-3584-442C-B897-394E7A63002B} = {ACA18335-184F-4F82-BDE9-EE7ECAE89DD1}
		{6CCC995C-2D6F-49CB-B7D4-E78B3170D6DC} = {2F11B706-8970-46FA-901C-F609B489F41F}
		{1415D7A9-32EA-44D1-B08A-F1717C3BA61D} = {ACA18335-184F-4F82-BDE9-EE7ECAE89DD1}
		{633E515E-CB17-4E87-8637-AF90AF98D02D} = {3237BD8B-D531-4CCF-9F8C-577A8C19FF4B}
		{B710DCEB-6BA5-40FF-BDEC-02DA959CB398} = {6C0D895E-B2BB-4CD5-87DE-516EF8B88341}
		{573B1EBB-1FFC-4E5A-8342-430683173200} = {BBE40996-5684-433E-B649-0DE5EC47DC20}
		{F8FD1FC7-311D-44AB-8F0C-97E3D8FE0A0D} = {C76D480B-18CB-41D4-B4A7-5560E5DB64C2}
		{AD34F144-52DA-4481-990D-C6EFF2E48A4B} = {C76D480B-18CB-41D4-B4A7-5560E5DB64C2}
		{F3469328-F1DB-4A64-9572-B9BEEE017A87} = {C76D480B-18CB-41D4-B4A7-5560E5DB64C2}
		{E00D4DC3-44AA-4AFC-AA24-9C469E7114C7} = {F3469328-F1DB-4A64-9572-B9BEEE017A87}
		{A8631321-2C36-4306-A19D-634A0F964269} = {F3469328-F1DB-4A64-9572-B9BEEE017A87}
		{A6489962-BE83-445D-84AE-B345D23D4976} = {F3469328-F1DB-4A64-9572-B9BEEE017A87}
		{87BEBBFD-A2C5-47C5-9C85-A3AAB9378A53} = {3237BD8B-D531-4CCF-9F8C-577A8C19FF4B}
		{D3FD763A-6B2C-4DE0-9C81-F0A81107A41C} = {F3469328-F1DB-4A64-9572-B9BEEE017A87}
	EndGlobalSection
	GlobalSection(ExtensibilityGlobals) = postSolution
		SolutionGuid = {2BC13340-B3BC-4AF8-BDA4-C0E76E62609C}
	EndGlobalSection
EndGlobal
